// !$*UTF8*$!
{
	archiveVersion = 1;
	classes = {
	};
	objectVersion = 46;
	objects = {

/* Begin PBXBuildFile section */
		76F936CC1D8544EF00013271 /* main.m in Sources */ = {isa = PBXBuildFile; fileRef = 76F936CB1D8544EF00013271 /* main.m */; };
		76F936CF1D8544EF00013271 /* AppDelegate.m in Sources */ = {isa = PBXBuildFile; fileRef = 76F936CE1D8544EF00013271 /* AppDelegate.m */; };
		76F936D21D8544EF00013271 /* ViewController.m in Sources */ = {isa = PBXBuildFile; fileRef = 76F936D11D8544EF00013271 /* ViewController.m */; };
		76F936D51D8544EF00013271 /* Main.storyboard in Resources */ = {isa = PBXBuildFile; fileRef = 76F936D31D8544EF00013271 /* Main.storyboard */; };
		76F936D71D8544EF00013271 /* Assets.xcassets in Resources */ = {isa = PBXBuildFile; fileRef = 76F936D61D8544EF00013271 /* Assets.xcassets */; };
		76F936DA1D8544EF00013271 /* LaunchScreen.storyboard in Resources */ = {isa = PBXBuildFile; fileRef = 76F936D81D8544EF00013271 /* LaunchScreen.storyboard */; };
		76F936E31D85452500013271 /* SACPerspectiveView.m in Sources */ = {isa = PBXBuildFile; fileRef = 76F936E21D85452500013271 /* SACPerspectiveView.m */; };
		76F936E61D85453600013271 /* SACMotionProcessor.m in Sources */ = {isa = PBXBuildFile; fileRef = 76F936E51D85453600013271 /* SACMotionProcessor.m */; };
/* End PBXBuildFile section */

/* Begin PBXFileReference section */
		76F936C71D8544EF00013271 /* PerspectiveView.app */ = {isa = PBXFileReference; explicitFileType = wrapper.application; includeInIndex = 0; path = PerspectiveView.app; sourceTree = BUILT_PRODUCTS_DIR; };
		76F936CB1D8544EF00013271 /* main.m */ = {isa = PBXFileReference; lastKnownFileType = sourcecode.c.objc; path = main.m; sourceTree = "<group>"; };
		76F936CD1D8544EF00013271 /* AppDelegate.h */ = {isa = PBXFileReference; lastKnownFileType = sourcecode.c.h; path = AppDelegate.h; sourceTree = "<group>"; };
		76F936CE1D8544EF00013271 /* AppDelegate.m */ = {isa = PBXFileReference; lastKnownFileType = sourcecode.c.objc; path = AppDelegate.m; sourceTree = "<group>"; };
		76F936D01D8544EF00013271 /* ViewController.h */ = {isa = PBXFileReference; lastKnownFileType = sourcecode.c.h; path = ViewController.h; sourceTree = "<group>"; };
		76F936D11D8544EF00013271 /* ViewController.m */ = {isa = PBXFileReference; lastKnownFileType = sourcecode.c.objc; path = ViewController.m; sourceTree = "<group>"; };
		76F936D41D8544EF00013271 /* Base */ = {isa = PBXFileReference; lastKnownFileType = file.storyboard; name = Base; path = Base.lproj/Main.storyboard; sourceTree = "<group>"; };
		76F936D61D8544EF00013271 /* Assets.xcassets */ = {isa = PBXFileReference; lastKnownFileType = folder.assetcatalog; path = Assets.xcassets; sourceTree = "<group>"; };
		76F936D91D8544EF00013271 /* Base */ = {isa = PBXFileReference; lastKnownFileType = file.storyboard; name = Base; path = Base.lproj/LaunchScreen.storyboard; sourceTree = "<group>"; };
		76F936DB1D8544EF00013271 /* Info.plist */ = {isa = PBXFileReference; lastKnownFileType = text.plist.xml; path = Info.plist; sourceTree = "<group>"; };
		76F936E11D85452500013271 /* SACPerspectiveView.h */ = {isa = PBXFileReference; fileEncoding = 4; lastKnownFileType = sourcecode.c.h; path = SACPerspectiveView.h; sourceTree = "<group>"; };
		76F936E21D85452500013271 /* SACPerspectiveView.m */ = {isa = PBXFileReference; fileEncoding = 4; lastKnownFileType = sourcecode.c.objc; path = SACPerspectiveView.m; sourceTree = "<group>"; };
		76F936E41D85453600013271 /* SACMotionProcessor.h */ = {isa = PBXFileReference; fileEncoding = 4; lastKnownFileType = sourcecode.c.h; path = SACMotionProcessor.h; sourceTree = "<group>"; };
		76F936E51D85453600013271 /* SACMotionProcessor.m */ = {isa = PBXFileReference; fileEncoding = 4; lastKnownFileType = sourcecode.c.objc; path = SACMotionProcessor.m; sourceTree = "<group>"; };
/* End PBXFileReference section */

/* Begin PBXFrameworksBuildPhase section */
		76F936C41D8544EF00013271 /* Frameworks */ = {
			isa = PBXFrameworksBuildPhase;
			buildActionMask = 2147483647;
			files = (
			);
			runOnlyForDeploymentPostprocessing = 0;
		};
/* End PBXFrameworksBuildPhase section */

/* Begin PBXGroup section */
		76F936BE1D8544EF00013271 = {
			isa = PBXGroup;
			children = (
				76F936C91D8544EF00013271 /* PerspectiveView */,
				76F936C81D8544EF00013271 /* Products */,
			);
			sourceTree = "<group>";
		};
		76F936C81D8544EF00013271 /* Products */ = {
			isa = PBXGroup;
			children = (
				76F936C71D8544EF00013271 /* PerspectiveView.app */,
			);
			name = Products;
			sourceTree = "<group>";
		};
		76F936C91D8544EF00013271 /* PerspectiveView */ = {
			isa = PBXGroup;
			children = (
				76F936CD1D8544EF00013271 /* AppDelegate.h */,
				76F936CE1D8544EF00013271 /* AppDelegate.m */,
				76F936D01D8544EF00013271 /* ViewController.h */,
				76F936D11D8544EF00013271 /* ViewController.m */,
				76F936E41D85453600013271 /* SACMotionProcessor.h */,
				76F936E51D85453600013271 /* SACMotionProcessor.m */,
				76F936E11D85452500013271 /* SACPerspectiveView.h */,
				76F936E21D85452500013271 /* SACPerspectiveView.m */,
				76F936D31D8544EF00013271 /* Main.storyboard */,
				76F936D61D8544EF00013271 /* Assets.xcassets */,
				76F936D81D8544EF00013271 /* LaunchScreen.storyboard */,
				76F936DB1D8544EF00013271 /* Info.plist */,
				76F936CA1D8544EF00013271 /* Supporting Files */,
			);
			path = PerspectiveView;
			sourceTree = "<group>";
		};
		76F936CA1D8544EF00013271 /* Supporting Files */ = {
			isa = PBXGroup;
			children = (
				76F936CB1D8544EF00013271 /* main.m */,
			);
			name = "Supporting Files";
			sourceTree = "<group>";
		};
/* End PBXGroup section */

/* Begin PBXNativeTarget section */
		76F936C61D8544EF00013271 /* PerspectiveView */ = {
			isa = PBXNativeTarget;
			buildConfigurationList = 76F936DE1D8544EF00013271 /* Build configuration list for PBXNativeTarget "PerspectiveView" */;
			buildPhases = (
				76F936C31D8544EF00013271 /* Sources */,
				76F936C41D8544EF00013271 /* Frameworks */,
				76F936C51D8544EF00013271 /* Resources */,
			);
			buildRules = (
			);
			dependencies = (
			);
			name = PerspectiveView;
			productName = PerspectiveView;
			productReference = 76F936C71D8544EF00013271 /* PerspectiveView.app */;
			productType = "com.apple.product-type.application";
		};
/* End PBXNativeTarget section */

/* Begin PBXProject section */
		76F936BF1D8544EF00013271 /* Project object */ = {
			isa = PBXProject;
			attributes = {
				LastUpgradeCheck = 0800;
				ORGANIZATIONNAME = Kabylake;
				TargetAttributes = {
					76F936C61D8544EF00013271 = {
						CreatedOnToolsVersion = 7.3.1;
						DevelopmentTeam = ARTH5X7FEM;
					};
				};
			};
			buildConfigurationList = 76F936C21D8544EF00013271 /* Build configuration list for PBXProject "PerspectiveView" */;
			compatibilityVersion = "Xcode 3.2";
			developmentRegion = English;
			hasScannedForEncodings = 0;
			knownRegions = (
				en,
				Base,
			);
			mainGroup = 76F936BE1D8544EF00013271;
			productRefGroup = 76F936C81D8544EF00013271 /* Products */;
			projectDirPath = "";
			projectRoot = "";
			targets = (
				76F936C61D8544EF00013271 /* PerspectiveView */,
			);
		};
/* End PBXProject section */

/* Begin PBXResourcesBuildPhase section */
		76F936C51D8544EF00013271 /* Resources */ = {
			isa = PBXResourcesBuildPhase;
			buildActionMask = 2147483647;
			files = (
				76F936DA1D8544EF00013271 /* LaunchScreen.storyboard in Resources */,
				76F936D71D8544EF00013271 /* Assets.xcassets in Resources */,
				76F936D51D8544EF00013271 /* Main.storyboard in Resources */,
			);
			runOnlyForDeploymentPostprocessing = 0;
		};
/* End PBXResourcesBuildPhase section */

/* Begin PBXSourcesBuildPhase section */
		76F936C31D8544EF00013271 /* Sources */ = {
			isa = PBXSourcesBuildPhase;
			buildActionMask = 2147483647;
			files = (
				76F936D21D8544EF00013271 /* ViewController.m in Sources */,
				76F936E31D85452500013271 /* SACPerspectiveView.m in Sources */,
				76F936CF1D8544EF00013271 /* AppDelegate.m in Sources */,
				76F936E61D85453600013271 /* SACMotionProcessor.m in Sources */,
				76F936CC1D8544EF00013271 /* main.m in Sources */,
			);
			runOnlyForDeploymentPostprocessing = 0;
		};
/* End PBXSourcesBuildPhase section */

/* Begin PBXVariantGroup section */
		76F936D31D8544EF00013271 /* Main.storyboard */ = {
			isa = PBXVariantGroup;
			children = (
				76F936D41D8544EF00013271 /* Base */,
			);
			name = Main.storyboard;
			sourceTree = "<group>";
		};
		76F936D81D8544EF00013271 /* LaunchScreen.storyboard */ = {
			isa = PBXVariantGroup;
			children = (
				76F936D91D8544EF00013271 /* Base */,
			);
			name = LaunchScreen.storyboard;
			sourceTree = "<group>";
		};
/* End PBXVariantGroup section */

/* Begin XCBuildConfiguration section */
		76F936DC1D8544EF00013271 /* Debug */ = {
			isa = XCBuildConfiguration;
			buildSettings = {
				ALWAYS_SEARCH_USER_PATHS = NO;
				CLANG_ANALYZER_NONNULL = YES;
				CLANG_CXX_LANGUAGE_STANDARD = "gnu++0x";
				CLANG_CXX_LIBRARY = "libc++";
				CLANG_ENABLE_MODULES = YES;
				CLANG_ENABLE_OBJC_ARC = YES;
				CLANG_WARN_BOOL_CONVERSION = YES;
				CLANG_WARN_CONSTANT_CONVERSION = YES;
				CLANG_WARN_DIRECT_OBJC_ISA_USAGE = YES_ERROR;
				CLANG_WARN_EMPTY_BODY = YES;
				CLANG_WARN_ENUM_CONVERSION = YES;
				CLANG_WARN_INFINITE_RECURSION = YES;
				CLANG_WARN_INT_CONVERSION = YES;
				CLANG_WARN_OBJC_ROOT_CLASS = YES_ERROR;
				CLANG_WARN_SUSPICIOUS_MOVE = YES;
				CLANG_WARN_UNREACHABLE_CODE = YES;
				CLANG_WARN__DUPLICATE_METHOD_MATCH = YES;
				"CODE_SIGN_IDENTITY[sdk=iphoneos*]" = "iPhone Developer";
				COPY_PHASE_STRIP = NO;
				DEBUG_INFORMATION_FORMAT = dwarf;
				ENABLE_STRICT_OBJC_MSGSEND = YES;
				ENABLE_TESTABILITY = YES;
				GCC_C_LANGUAGE_STANDARD = gnu99;
				GCC_DYNAMIC_NO_PIC = NO;
				GCC_NO_COMMON_BLOCKS = YES;
				GCC_OPTIMIZATION_LEVEL = 0;
				GCC_PREPROCESSOR_DEFINITIONS = (
					"DEBUG=1",
					"$(inherited)",
				);
				GCC_WARN_64_TO_32_BIT_CONVERSION = YES;
				GCC_WARN_ABOUT_RETURN_TYPE = YES_ERROR;
				GCC_WARN_UNDECLARED_SELECTOR = YES;
				GCC_WARN_UNINITIALIZED_AUTOS = YES_AGGRESSIVE;
				GCC_WARN_UNUSED_FUNCTION = YES;
				GCC_WARN_UNUSED_VARIABLE = YES;
				IPHONEOS_DEPLOYMENT_TARGET = 9.3;
				MTL_ENABLE_DEBUG_INFO = YES;
				ONLY_ACTIVE_ARCH = YES;
				SDKROOT = iphoneos;
				TARGETED_DEVICE_FAMILY = "1,2";
			};
			name = Debug;
		};
		76F936DD1D8544EF00013271 /* Release */ = {
			isa = XCBuildConfiguration;
			buildSettings = {
				ALWAYS_SEARCH_USER_PATHS = NO;
				CLANG_ANALYZER_NONNULL = YES;
				CLANG_CXX_LANGUAGE_STANDARD = "gnu++0x";
				CLANG_CXX_LIBRARY = "libc++";
				CLANG_ENABLE_MODULES = YES;
				CLANG_ENABLE_OBJC_ARC = YES;
				CLANG_WARN_BOOL_CONVERSION = YES;
				CLANG_WARN_CONSTANT_CONVERSION = YES;
				CLANG_WARN_DIRECT_OBJC_ISA_USAGE = YES_ERROR;
				CLANG_WARN_EMPTY_BODY = YES;
				CLANG_WARN_ENUM_CONVERSION = YES;
				CLANG_WARN_INFINITE_RECURSION = YES;
				CLANG_WARN_INT_CONVERSION = YES;
				CLANG_WARN_OBJC_ROOT_CLASS = YES_ERROR;
				CLANG_WARN_SUSPICIOUS_MOVE = YES;
				CLANG_WARN_UNREACHABLE_CODE = YES;
				CLANG_WARN__DUPLICATE_METHOD_MATCH = YES;
				"CODE_SIGN_IDENTITY[sdk=iphoneos*]" = "iPhone Developer";
				COPY_PHASE_STRIP = NO;
				DEBUG_INFORMATION_FORMAT = "dwarf-with-dsym";
				ENABLE_NS_ASSERTIONS = NO;
				ENABLE_STRICT_OBJC_MSGSEND = YES;
				GCC_C_LANGUAGE_STANDARD = gnu99;
				GCC_NO_COMMON_BLOCKS = YES;
				GCC_WARN_64_TO_32_BIT_CONVERSION = YES;
				GCC_WARN_ABOUT_RETURN_TYPE = YES_ERROR;
				GCC_WARN_UNDECLARED_SELECTOR = YES;
				GCC_WARN_UNINITIALIZED_AUTOS = YES_AGGRESSIVE;
				GCC_WARN_UNUSED_FUNCTION = YES;
				GCC_WARN_UNUSED_VARIABLE = YES;
				IPHONEOS_DEPLOYMENT_TARGET = 9.3;
				MTL_ENABLE_DEBUG_INFO = NO;
				SDKROOT = iphoneos;
				TARGETED_DEVICE_FAMILY = "1,2";
				VALIDATE_PRODUCT = YES;
			};
			name = Release;
		};
		76F936DF1D8544EF00013271 /* Debug */ = {
			isa = XCBuildConfiguration;
			buildSettings = {
				ASSETCATALOG_COMPILER_APPICON_NAME = AppIcon;
				DEVELOPMENT_TEAM = ARTH5X7FEM;
				INFOPLIST_FILE = PerspectiveView/Info.plist;
				LD_RUNPATH_SEARCH_PATHS = "$(inherited) @executable_path/Frameworks";
				PRODUCT_BUNDLE_IDENTIFIER = com.Kabylake.PerspectiveView;
				PRODUCT_NAME = "$(TARGET_NAME)";
			};
			name = Debug;
		};
		76F936E01D8544EF00013271 /* Release */ = {
			isa = XCBuildConfiguration;
			buildSettings = {
				ASSETCATALOG_COMPILER_APPICON_NAME = AppIcon;
				DEVELOPMENT_TEAM = ARTH5X7FEM;
				INFOPLIST_FILE = PerspectiveView/Info.plist;
				LD_RUNPATH_SEARCH_PATHS = "$(inherited) @executable_path/Frameworks";
				PRODUCT_BUNDLE_IDENTIFIER = com.Kabylake.PerspectiveView;
				PRODUCT_NAME = "$(TARGET_NAME)";
			};
			name = Release;
		};
/* End XCBuildConfiguration section */

/* Begin XCConfigurationList section */
		76F936C21D8544EF00013271 /* Build configuration list for PBXProject "PerspectiveView" */ = {
			isa = XCConfigurationList;
			buildConfigurations = (
				76F936DC1D8544EF00013271 /* Debug */,
				76F936DD1D8544EF00013271 /* Release */,
			);
			defaultConfigurationIsVisible = 0;
			defaultConfigurationName = Release;
		};
		76F936DE1D8544EF00013271 /* Build configuration list for PBXNativeTarget "PerspectiveView" */ = {
			isa = XCConfigurationList;
			buildConfigurations = (
				76F936DF1D8544EF00013271 /* Debug */,
				76F936E01D8544EF00013271 /* Release */,
			);
			defaultConfigurationIsVisible = 0;
			defaultConfigurationName = Release;
		};
/* End XCConfigurationList section */
	};
	rootObject = 76F936BF1D8544EF00013271 /* Project object */;
}
